
Microsoft Visual Studio Solution File, Format Version 12.00
# Visual Studio Version 16
VisualStudioVersion = 16.0.33027.164
MinimumVisualStudioVersion = 10.0.40219.1
Project("{FAE04EC0-301F-11D3-BF4B-00C04F79EFBC}") = "Todo.Model", "TodoModel\Todo.Model.csproj", "{A229F7AC-F1EA-4FC7-BE10-6085E00D7D87}"
EndProject
Project("{2150E333-8FDC-42A3-9474-1A3956D46DE8}") = "UI", "UI", "{1F1D82BB-37D0-4A46-9C08-8A44D5DBAA49}"
EndProject
Project("{FAE04EC0-301F-11D3-BF4B-00C04F79EFBC}") = "Todo.ConsoleApp", "Todo.ConsoleApp\Todo.ConsoleApp.csproj", "{15B00D93-EF9C-4A32-9EF1-AB5E6885F079}"
EndProject
Global
	GlobalSection(SolutionConfigurationPlatforms) = preSolution
		Debug|Any CPU = Debug|Any CPU
		Release|Any CPU = Release|Any CPU
	EndGlobalSection
	GlobalSection(ProjectConfigurationPlatforms) = postSolution
		{A229F7AC-F1EA-4FC7-BE10-6085E00D7D87}.Debug|Any CPU.ActiveCfg = Debug|Any CPU
		{A229F7AC-F1EA-4FC7-BE10-6085E00D7D87}.Debug|Any CPU.Build.0 = Debug|Any CPU
		{A229F7AC-F1EA-4FC7-BE10-6085E00D7D87}.Release|Any CPU.ActiveCfg = Release|Any CPU
		{A229F7AC-F1EA-4FC7-BE10-6085E00D7D87}.Release|Any CPU.Build.0 = Release|Any CPU
		{15B00D93-EF9C-4A32-9EF1-AB5E6885F079}.Debug|Any CPU.ActiveCfg = Debug|Any CPU
		{15B00D93-EF9C-4A32-9EF1-AB5E6885F079}.Debug|Any CPU.Build.0 = Debug|Any CPU
		{15B00D93-EF9C-4A32-9EF1-AB5E6885F079}.Release|Any CPU.ActiveCfg = Release|Any CPU
		{15B00D93-EF9C-4A32-9EF1-AB5E6885F079}.Release|Any CPU.Build.0 = Release|Any CPU
	EndGlobalSection
	GlobalSection(SolutionProperties) = preSolution
		HideSolutionNode = FALSE
	EndGlobalSection
	GlobalSection(NestedProjects) = preSolution
		{15B00D93-EF9C-4A32-9EF1-AB5E6885F079} = {1F1D82BB-37D0-4A46-9C08-8A44D5DBAA49}
	EndGlobalSection
	GlobalSection(ExtensibilityGlobals) = postSolution
		SolutionGuid = {AF6D992E-E94C-4BE2-8DC8-E906F7C5DC74}
	EndGlobalSection
EndGlobal
